
Microsoft Visual Studio Solution File, Format Version 12.00
# Visual Studio Version 17
VisualStudioVersion = 17.2.32505.173
MinimumVisualStudioVersion = 10.0.40219.1
Project("{FAE04EC0-301F-11D3-BF4B-00C04F79EFBC}") = "stack webWebApplication1", "stack webWebApplication1\stack webWebApplication1.csproj", "{14323D97-8750-4B54-9F02-26CCC09590B5}"
EndProject
Global
	GlobalSection(SolutionConfigurationPlatforms) = preSolution
		Debug|Any CPU = Debug|Any CPU
		Release|Any CPU = Release|Any CPU
	EndGlobalSection
	GlobalSection(ProjectConfigurationPlatforms) = postSolution
		{14323D97-8750-4B54-9F02-26CCC09590B5}.Debug|Any CPU.ActiveCfg = Debug|Any CPU
		{14323D97-8750-4B54-9F02-26CCC09590B5}.Debug|Any CPU.Build.0 = Debug|Any CPU
		{14323D97-8750-4B54-9F02-26CCC09590B5}.Release|Any CPU.ActiveCfg = Release|Any CPU
		{14323D97-8750-4B54-9F02-26CCC09590B5}.Release|Any CPU.Build.0 = Release|Any CPU
	EndGlobalSection
	GlobalSection(SolutionProperties) = preSolution
		HideSolutionNode = FALSE
	EndGlobalSection
	GlobalSection(ExtensibilityGlobals) = postSolution
		SolutionGuid = {B99AE67A-7C40-4CD8-B41C-4885102B7EDB}
	EndGlobalSection
EndGlobal
